
Microsoft Visual Studio Solution File, Format Version 12.00
# Visual Studio 2013
VisualStudioVersion = 12.0.21005.1
MinimumVisualStudioVersion = 10.0.40219.1
Project("{2150E333-8FDC-42A3-9474-1A3956D46DE8}") = "Others", "Others", "{50AE8669-6BDB-4A0F-A7A6-6257B37F7653}"
EndProject
Project("{8BC9CEB8-8B4A-11D0-8D11-00A0C91BC942}") = "Console", "Projects\Others\Console\Console.vcxproj", "{28203E19-E94C-4B92-8555-13118F0A76EC}"
	ProjectSection(ProjectDependencies) = postProject
		{134CA452-A152-4762-A0B3-7FA0726F57A0} = {134CA452-A152-4762-A0B3-7FA0726F57A0}
		{435A1180-A9C2-43AB-A865-A64E1E6786E9} = {435A1180-A9C2-43AB-A865-A64E1E6786E9}
	EndProjectSection
EndProject
Project("{2150E333-8FDC-42A3-9474-1A3956D46DE8}") = "Libraries", "Libraries", "{DAD54448-AE03-4BE6-96A1-A0632A29144A}"
EndProject
Project("{8BC9CEB8-8B4A-11D0-8D11-00A0C91BC942}") = "Common", "Projects\Libraries\Common\Common.vcxproj", "{435A1180-A9C2-43AB-A865-A64E1E6786E9}"
EndProject
Project("{2150E333-8FDC-42A3-9474-1A3956D46DE8}") = "Nu", "Nu", "{47F0002F-42C8-437C-A384-DC055D8B1DBF}"
EndProject
Project("{8BC9CEB8-8B4A-11D0-8D11-00A0C91BC942}") = "Lexer", "Projects\Libraries\Nu\Lexer\Lexer.vcxproj", "{134CA452-A152-4762-A0B3-7FA0726F57A0}"
EndProject
Project("{2150E333-8FDC-42A3-9474-1A3956D46DE8}") = "Testing", "Testing", "{1A01BEC1-A804-49BD-971B-148B13909341}"
EndProject
Project("{2150E333-8FDC-42A3-9474-1A3956D46DE8}") = "Libraries", "Libraries", "{A3C456D3-A04A-4532-84D6-EB5BF7D5C5D9}"
EndProject
Project("{2150E333-8FDC-42A3-9474-1A3956D46DE8}") = "Nu", "Nu", "{BDD4742D-CF94-40BC-B1CD-12D6B16EAEF9}"
EndProject
Project("{8BC9CEB8-8B4A-11D0-8D11-00A0C91BC942}") = "Lexer-Testing", "Projects\Testing\Libraries\Nu\Lexer-Testing\Lexer-Testing.vcxproj", "{E4292AEE-D117-433B-8A84-8BA7FB6B971A}"
	ProjectSection(ProjectDependencies) = postProject
		{134CA452-A152-4762-A0B3-7FA0726F57A0} = {134CA452-A152-4762-A0B3-7FA0726F57A0}
	EndProjectSection
EndProject
Global
	GlobalSection(SolutionConfigurationPlatforms) = preSolution
		Debug|Win32 = Debug|Win32
		Release|Win32 = Release|Win32
	EndGlobalSection
	GlobalSection(ProjectConfigurationPlatforms) = postSolution
		{28203E19-E94C-4B92-8555-13118F0A76EC}.Debug|Win32.ActiveCfg = Debug|Win32
		{28203E19-E94C-4B92-8555-13118F0A76EC}.Debug|Win32.Build.0 = Debug|Win32
		{28203E19-E94C-4B92-8555-13118F0A76EC}.Release|Win32.ActiveCfg = Release|Win32
		{28203E19-E94C-4B92-8555-13118F0A76EC}.Release|Win32.Build.0 = Release|Win32
		{435A1180-A9C2-43AB-A865-A64E1E6786E9}.Debug|Win32.ActiveCfg = Debug|Win32
		{435A1180-A9C2-43AB-A865-A64E1E6786E9}.Debug|Win32.Build.0 = Debug|Win32
		{435A1180-A9C2-43AB-A865-A64E1E6786E9}.Release|Win32.ActiveCfg = Release|Win32
		{435A1180-A9C2-43AB-A865-A64E1E6786E9}.Release|Win32.Build.0 = Release|Win32
		{134CA452-A152-4762-A0B3-7FA0726F57A0}.Debug|Win32.ActiveCfg = Debug|Win32
		{134CA452-A152-4762-A0B3-7FA0726F57A0}.Debug|Win32.Build.0 = Debug|Win32
		{134CA452-A152-4762-A0B3-7FA0726F57A0}.Release|Win32.ActiveCfg = Release|Win32
		{134CA452-A152-4762-A0B3-7FA0726F57A0}.Release|Win32.Build.0 = Release|Win32
		{E4292AEE-D117-433B-8A84-8BA7FB6B971A}.Debug|Win32.ActiveCfg = Debug|Win32
		{E4292AEE-D117-433B-8A84-8BA7FB6B971A}.Debug|Win32.Build.0 = Debug|Win32
		{E4292AEE-D117-433B-8A84-8BA7FB6B971A}.Release|Win32.ActiveCfg = Release|Win32
		{E4292AEE-D117-433B-8A84-8BA7FB6B971A}.Release|Win32.Build.0 = Release|Win32
	EndGlobalSection
	GlobalSection(SolutionProperties) = preSolution
		HideSolutionNode = FALSE
	EndGlobalSection
	GlobalSection(NestedProjects) = preSolution
		{28203E19-E94C-4B92-8555-13118F0A76EC} = {50AE8669-6BDB-4A0F-A7A6-6257B37F7653}
		{435A1180-A9C2-43AB-A865-A64E1E6786E9} = {DAD54448-AE03-4BE6-96A1-A0632A29144A}
		{47F0002F-42C8-437C-A384-DC055D8B1DBF} = {DAD54448-AE03-4BE6-96A1-A0632A29144A}
		{134CA452-A152-4762-A0B3-7FA0726F57A0} = {47F0002F-42C8-437C-A384-DC055D8B1DBF}
		{A3C456D3-A04A-4532-84D6-EB5BF7D5C5D9} = {1A01BEC1-A804-49BD-971B-148B13909341}
		{BDD4742D-CF94-40BC-B1CD-12D6B16EAEF9} = {A3C456D3-A04A-4532-84D6-EB5BF7D5C5D9}
		{E4292AEE-D117-433B-8A84-8BA7FB6B971A} = {BDD4742D-CF94-40BC-B1CD-12D6B16EAEF9}
	EndGlobalSection
EndGlobal
